
Microsoft Visual Studio Solution File, Format Version 12.00
# Visual Studio 15
Project("{FAE04EC0-301F-11D3-BF4B-00C04F79EFBC}") = "Photo", "Photo.csproj", "{F4D1BE03-2E71-FCCD-7742-B54C8A2F29C3}"
EndProject
Project("{FAE04EC0-301F-11D3-BF4B-00C04F79EFBC}") = "Photo.Editor", "Photo.Editor.csproj", "{C617CCC4-8FCC-1F5A-6743-6C68B2FFDDC5}"
EndProject
Global
	GlobalSection(SolutionConfigurationPlatforms) = preSolution
		Debug|Any CPU = Debug|Any CPU
		Release|Any CPU = Release|Any CPU
	EndGlobalSection
	GlobalSection(ProjectConfigurationPlatforms) = postSolution
		{F4D1BE03-2E71-FCCD-7742-B54C8A2F29C3}.Debug|Any CPU.ActiveCfg = Debug|Any CPU
		{F4D1BE03-2E71-FCCD-7742-B54C8A2F29C3}.Debug|Any CPU.Build.0 = Debug|Any CPU
		{F4D1BE03-2E71-FCCD-7742-B54C8A2F29C3}.Release|Any CPU.ActiveCfg = Release|Any CPU
		{F4D1BE03-2E71-FCCD-7742-B54C8A2F29C3}.Release|Any CPU.Build.0 = Release|Any CPU
		{C617CCC4-8FCC-1F5A-6743-6C68B2FFDDC5}.Debug|Any CPU.ActiveCfg = Debug|Any CPU
		{C617CCC4-8FCC-1F5A-6743-6C68B2FFDDC5}.Debug|Any CPU.Build.0 = Debug|Any CPU
		{C617CCC4-8FCC-1F5A-6743-6C68B2FFDDC5}.Release|Any CPU.ActiveCfg = Release|Any CPU
		{C617CCC4-8FCC-1F5A-6743-6C68B2FFDDC5}.Release|Any CPU.Build.0 = Release|Any CPU
	EndGlobalSection
	GlobalSection(SolutionProperties) = preSolution
		HideSolutionNode = FALSE
	EndGlobalSection
EndGlobal
